// !$*UTF8*$!
{
	archiveVersion = 1;
	classes = {
	};
	objectVersion = 60;
	objects = {

/* Begin PBXBuildFile section */
		BF2119B32C2FAC4700CDE738 /* TToGiOkApp.swift in Sources */ = {isa = PBXBuildFile; fileRef = BF2119B22C2FAC4700CDE738 /* TToGiOkApp.swift */; };
		BF2119B52C2FAC4700CDE738 /* ContentView.swift in Sources */ = {isa = PBXBuildFile; fileRef = BF2119B42C2FAC4700CDE738 /* ContentView.swift */; };
		BF2119B72C2FAC4A00CDE738 /* Assets.xcassets in Resources */ = {isa = PBXBuildFile; fileRef = BF2119B62C2FAC4A00CDE738 /* Assets.xcassets */; };
		BF2119BA2C2FAC4A00CDE738 /* Preview Assets.xcassets in Resources */ = {isa = PBXBuildFile; fileRef = BF2119B92C2FAC4A00CDE738 /* Preview Assets.xcassets */; };
		BF2119C42C2FAC4B00CDE738 /* TToGiOkTests.swift in Sources */ = {isa = PBXBuildFile; fileRef = BF2119C32C2FAC4B00CDE738 /* TToGiOkTests.swift */; };
		BF2119CE2C2FAC4B00CDE738 /* TToGiOkUITests.swift in Sources */ = {isa = PBXBuildFile; fileRef = BF2119CD2C2FAC4B00CDE738 /* TToGiOkUITests.swift */; };
		BF2119D02C2FAC4B00CDE738 /* TToGiOkUITestsLaunchTests.swift in Sources */ = {isa = PBXBuildFile; fileRef = BF2119CF2C2FAC4B00CDE738 /* TToGiOkUITestsLaunchTests.swift */; };
		BF2119E52C2FACE900CDE738 /* ContentView.swift in Sources */ = {isa = PBXBuildFile; fileRef = BF2119E42C2FACE900CDE738 /* ContentView.swift */; };
		BF2119E72C2FACEC00CDE738 /* Assets.xcassets in Resources */ = {isa = PBXBuildFile; fileRef = BF2119E62C2FACEC00CDE738 /* Assets.xcassets */; };
		BF2119EA2C2FACEC00CDE738 /* Preview Assets.xcassets in Resources */ = {isa = PBXBuildFile; fileRef = BF2119E92C2FACEC00CDE738 /* Preview Assets.xcassets */; };
		BF2119F42C2FACEC00CDE738 /* TToGiOkWatch_Watch_AppTests.swift in Sources */ = {isa = PBXBuildFile; fileRef = BF2119F32C2FACEC00CDE738 /* TToGiOkWatch_Watch_AppTests.swift */; };
		BF2119FE2C2FACEC00CDE738 /* TToGiOkWatch_Watch_AppUITests.swift in Sources */ = {isa = PBXBuildFile; fileRef = BF2119FD2C2FACEC00CDE738 /* TToGiOkWatch_Watch_AppUITests.swift */; };
		BF211A002C2FACEC00CDE738 /* TToGiOkWatch_Watch_AppUITestsLaunchTests.swift in Sources */ = {isa = PBXBuildFile; fileRef = BF2119FF2C2FACEC00CDE738 /* TToGiOkWatch_Watch_AppUITestsLaunchTests.swift */; };
		BF211A032C2FACEC00CDE738 /* TToGiOkWatch Watch App.app in Embed Watch Content */ = {isa = PBXBuildFile; fileRef = BF2119E02C2FACE900CDE738 /* TToGiOkWatch Watch App.app */; settings = {ATTRIBUTES = (RemoveHeadersOnCopy, ); }; };
/* End PBXBuildFile section */

/* Begin PBXContainerItemProxy section */
		BF2119C02C2FAC4B00CDE738 /* PBXContainerItemProxy */ = {
			isa = PBXContainerItemProxy;
			containerPortal = BF2119A72C2FAC4700CDE738 /* Project object */;
			proxyType = 1;
			remoteGlobalIDString = BF2119AE2C2FAC4700CDE738;
			remoteInfo = TToGiOk;
		};
		BF2119CA2C2FAC4B00CDE738 /* PBXContainerItemProxy */ = {
			isa = PBXContainerItemProxy;
			containerPortal = BF2119A72C2FAC4700CDE738 /* Project object */;
			proxyType = 1;
			remoteGlobalIDString = BF2119AE2C2FAC4700CDE738;
			remoteInfo = TToGiOk;
		};
		BF2119F02C2FACEC00CDE738 /* PBXContainerItemProxy */ = {
			isa = PBXContainerItemProxy;
			containerPortal = BF2119A72C2FAC4700CDE738 /* Project object */;
			proxyType = 1;
			remoteGlobalIDString = BF2119DF2C2FACE900CDE738;
			remoteInfo = "TToGiOkWatch Watch App";
		};
		BF2119FA2C2FACEC00CDE738 /* PBXContainerItemProxy */ = {
			isa = PBXContainerItemProxy;
			containerPortal = BF2119A72C2FAC4700CDE738 /* Project object */;
			proxyType = 1;
			remoteGlobalIDString = BF2119DF2C2FACE900CDE738;
			remoteInfo = "TToGiOkWatch Watch App";
		};
		BF211A012C2FACEC00CDE738 /* PBXContainerItemProxy */ = {
			isa = PBXContainerItemProxy;
			containerPortal = BF2119A72C2FAC4700CDE738 /* Project object */;
			proxyType = 1;
			remoteGlobalIDString = BF2119DF2C2FACE900CDE738;
			remoteInfo = "TToGiOkWatch Watch App";
		};
/* End PBXContainerItemProxy section */

/* Begin PBXCopyFilesBuildPhase section */
		BF211A072C2FACEC00CDE738 /* Embed Watch Content */ = {
			isa = PBXCopyFilesBuildPhase;
			buildActionMask = 2147483647;
			dstPath = "$(CONTENTS_FOLDER_PATH)/Watch";
			dstSubfolderSpec = 16;
			files = (
				BF211A032C2FACEC00CDE738 /* TToGiOkWatch Watch App.app in Embed Watch Content */,
			);
			name = "Embed Watch Content";
			runOnlyForDeploymentPostprocessing = 0;
		};
/* End PBXCopyFilesBuildPhase section */

/* Begin PBXFileReference section */
		BF2119AF2C2FAC4700CDE738 /* TToGiOk.app */ = {isa = PBXFileReference; explicitFileType = wrapper.application; includeInIndex = 0; path = TToGiOk.app; sourceTree = BUILT_PRODUCTS_DIR; };
		BF2119B22C2FAC4700CDE738 /* TToGiOkApp.swift */ = {isa = PBXFileReference; lastKnownFileType = sourcecode.swift; path = TToGiOkApp.swift; sourceTree = "<group>"; };
		BF2119B42C2FAC4700CDE738 /* ContentView.swift */ = {isa = PBXFileReference; lastKnownFileType = sourcecode.swift; path = ContentView.swift; sourceTree = "<group>"; };
		BF2119B62C2FAC4A00CDE738 /* Assets.xcassets */ = {isa = PBXFileReference; lastKnownFileType = folder.assetcatalog; path = Assets.xcassets; sourceTree = "<group>"; };
		BF2119B92C2FAC4A00CDE738 /* Preview Assets.xcassets */ = {isa = PBXFileReference; lastKnownFileType = folder.assetcatalog; path = "Preview Assets.xcassets"; sourceTree = "<group>"; };
		BF2119BF2C2FAC4B00CDE738 /* TToGiOkTests.xctest */ = {isa = PBXFileReference; explicitFileType = wrapper.cfbundle; includeInIndex = 0; path = TToGiOkTests.xctest; sourceTree = BUILT_PRODUCTS_DIR; };
		BF2119C32C2FAC4B00CDE738 /* TToGiOkTests.swift */ = {isa = PBXFileReference; lastKnownFileType = sourcecode.swift; path = TToGiOkTests.swift; sourceTree = "<group>"; };
		BF2119C92C2FAC4B00CDE738 /* TToGiOkUITests.xctest */ = {isa = PBXFileReference; explicitFileType = wrapper.cfbundle; includeInIndex = 0; path = TToGiOkUITests.xctest; sourceTree = BUILT_PRODUCTS_DIR; };
		BF2119CD2C2FAC4B00CDE738 /* TToGiOkUITests.swift */ = {isa = PBXFileReference; lastKnownFileType = sourcecode.swift; path = TToGiOkUITests.swift; sourceTree = "<group>"; };
		BF2119CF2C2FAC4B00CDE738 /* TToGiOkUITestsLaunchTests.swift */ = {isa = PBXFileReference; lastKnownFileType = sourcecode.swift; path = TToGiOkUITestsLaunchTests.swift; sourceTree = "<group>"; };
		BF2119E02C2FACE900CDE738 /* TToGiOkWatch Watch App.app */ = {isa = PBXFileReference; explicitFileType = wrapper.application; includeInIndex = 0; path = "TToGiOkWatch Watch App.app"; sourceTree = BUILT_PRODUCTS_DIR; };
		BF2119E42C2FACE900CDE738 /* ContentView.swift */ = {isa = PBXFileReference; lastKnownFileType = sourcecode.swift; path = ContentView.swift; sourceTree = "<group>"; };
		BF2119E62C2FACEC00CDE738 /* Assets.xcassets */ = {isa = PBXFileReference; lastKnownFileType = folder.assetcatalog; path = Assets.xcassets; sourceTree = "<group>"; };
		BF2119E92C2FACEC00CDE738 /* Preview Assets.xcassets */ = {isa = PBXFileReference; lastKnownFileType = folder.assetcatalog; path = "Preview Assets.xcassets"; sourceTree = "<group>"; };
		BF2119EF2C2FACEC00CDE738 /* TToGiOkWatch Watch AppTests.xctest */ = {isa = PBXFileReference; explicitFileType = wrapper.cfbundle; includeInIndex = 0; path = "TToGiOkWatch Watch AppTests.xctest"; sourceTree = BUILT_PRODUCTS_DIR; };
		BF2119F32C2FACEC00CDE738 /* TToGiOkWatch_Watch_AppTests.swift */ = {isa = PBXFileReference; lastKnownFileType = sourcecode.swift; path = TToGiOkWatch_Watch_AppTests.swift; sourceTree = "<group>"; };
		BF2119F92C2FACEC00CDE738 /* TToGiOkWatch Watch AppUITests.xctest */ = {isa = PBXFileReference; explicitFileType = wrapper.cfbundle; includeInIndex = 0; path = "TToGiOkWatch Watch AppUITests.xctest"; sourceTree = BUILT_PRODUCTS_DIR; };
		BF2119FD2C2FACEC00CDE738 /* TToGiOkWatch_Watch_AppUITests.swift */ = {isa = PBXFileReference; lastKnownFileType = sourcecode.swift; path = TToGiOkWatch_Watch_AppUITests.swift; sourceTree = "<group>"; };
		BF2119FF2C2FACEC00CDE738 /* TToGiOkWatch_Watch_AppUITestsLaunchTests.swift */ = {isa = PBXFileReference; lastKnownFileType = sourcecode.swift; path = TToGiOkWatch_Watch_AppUITestsLaunchTests.swift; sourceTree = "<group>"; };
/* End PBXFileReference section */

/* Begin PBXFrameworksBuildPhase section */
		BF2119AC2C2FAC4700CDE738 /* Frameworks */ = {
			isa = PBXFrameworksBuildPhase;
			buildActionMask = 2147483647;
			files = (
			);
			runOnlyForDeploymentPostprocessing = 0;
		};
		BF2119BC2C2FAC4B00CDE738 /* Frameworks */ = {
			isa = PBXFrameworksBuildPhase;
			buildActionMask = 2147483647;
			files = (
			);
			runOnlyForDeploymentPostprocessing = 0;
		};
		BF2119C62C2FAC4B00CDE738 /* Frameworks */ = {
			isa = PBXFrameworksBuildPhase;
			buildActionMask = 2147483647;
			files = (
			);
			runOnlyForDeploymentPostprocessing = 0;
		};
		BF2119DD2C2FACE900CDE738 /* Frameworks */ = {
			isa = PBXFrameworksBuildPhase;
			buildActionMask = 2147483647;
			files = (
			);
			runOnlyForDeploymentPostprocessing = 0;
		};
		BF2119EC2C2FACEC00CDE738 /* Frameworks */ = {
			isa = PBXFrameworksBuildPhase;
			buildActionMask = 2147483647;
			files = (
			);
			runOnlyForDeploymentPostprocessing = 0;
		};
		BF2119F62C2FACEC00CDE738 /* Frameworks */ = {
			isa = PBXFrameworksBuildPhase;
			buildActionMask = 2147483647;
			files = (
			);
			runOnlyForDeploymentPostprocessing = 0;
		};
/* End PBXFrameworksBuildPhase section */

/* Begin PBXGroup section */
		BF2119A62C2FAC4700CDE738 = {
			isa = PBXGroup;
			children = (
				BF2119B12C2FAC4700CDE738 /* TToGiOk */,
				BF2119C22C2FAC4B00CDE738 /* TToGiOkTests */,
				BF2119CC2C2FAC4B00CDE738 /* TToGiOkUITests */,
				BF2119E12C2FACE900CDE738 /* TToGiOkWatch Watch App */,
				BF2119F22C2FACEC00CDE738 /* TToGiOkWatch Watch AppTests */,
				BF2119FC2C2FACEC00CDE738 /* TToGiOkWatch Watch AppUITests */,
				BF2119B02C2FAC4700CDE738 /* Products */,
			);
			sourceTree = "<group>";
		};
		BF2119B02C2FAC4700CDE738 /* Products */ = {
			isa = PBXGroup;
			children = (
				BF2119AF2C2FAC4700CDE738 /* TToGiOk.app */,
				BF2119BF2C2FAC4B00CDE738 /* TToGiOkTests.xctest */,
				BF2119C92C2FAC4B00CDE738 /* TToGiOkUITests.xctest */,
				BF2119E02C2FACE900CDE738 /* TToGiOkWatch Watch App.app */,
				BF2119EF2C2FACEC00CDE738 /* TToGiOkWatch Watch AppTests.xctest */,
				BF2119F92C2FACEC00CDE738 /* TToGiOkWatch Watch AppUITests.xctest */,
			);
			name = Products;
			sourceTree = "<group>";
		};
		BF2119B12C2FAC4700CDE738 /* TToGiOk */ = {
			isa = PBXGroup;
			children = (
				BF2119B22C2FAC4700CDE738 /* TToGiOkApp.swift */,
				BF2119B42C2FAC4700CDE738 /* ContentView.swift */,
				BF2119B62C2FAC4A00CDE738 /* Assets.xcassets */,
				BF2119B82C2FAC4A00CDE738 /* Preview Content */,
			);
			path = TToGiOk;
			sourceTree = "<group>";
		};
		BF2119B82C2FAC4A00CDE738 /* Preview Content */ = {
			isa = PBXGroup;
			children = (
				BF2119B92C2FAC4A00CDE738 /* Preview Assets.xcassets */,
			);
			path = "Preview Content";
			sourceTree = "<group>";
		};
		BF2119C22C2FAC4B00CDE738 /* TToGiOkTests */ = {
			isa = PBXGroup;
			children = (
				BF2119C32C2FAC4B00CDE738 /* TToGiOkTests.swift */,
			);
			path = TToGiOkTests;
			sourceTree = "<group>";
		};
		BF2119CC2C2FAC4B00CDE738 /* TToGiOkUITests */ = {
			isa = PBXGroup;
			children = (
				BF2119CD2C2FAC4B00CDE738 /* TToGiOkUITests.swift */,
				BF2119CF2C2FAC4B00CDE738 /* TToGiOkUITestsLaunchTests.swift */,
			);
			path = TToGiOkUITests;
			sourceTree = "<group>";
		};
		BF2119E12C2FACE900CDE738 /* TToGiOkWatch Watch App */ = {
			isa = PBXGroup;
			children = (
				BF2119E42C2FACE900CDE738 /* ContentView.swift */,
				BF2119E62C2FACEC00CDE738 /* Assets.xcassets */,
				BF2119E82C2FACEC00CDE738 /* Preview Content */,
			);
			path = "TToGiOkWatch Watch App";
			sourceTree = "<group>";
		};
		BF2119E82C2FACEC00CDE738 /* Preview Content */ = {
			isa = PBXGroup;
			children = (
				BF2119E92C2FACEC00CDE738 /* Preview Assets.xcassets */,
			);
			path = "Preview Content";
			sourceTree = "<group>";
		};
		BF2119F22C2FACEC00CDE738 /* TToGiOkWatch Watch AppTests */ = {
			isa = PBXGroup;
			children = (
				BF2119F32C2FACEC00CDE738 /* TToGiOkWatch_Watch_AppTests.swift */,
			);
			path = "TToGiOkWatch Watch AppTests";
			sourceTree = "<group>";
		};
		BF2119FC2C2FACEC00CDE738 /* TToGiOkWatch Watch AppUITests */ = {
			isa = PBXGroup;
			children = (
				BF2119FD2C2FACEC00CDE738 /* TToGiOkWatch_Watch_AppUITests.swift */,
				BF2119FF2C2FACEC00CDE738 /* TToGiOkWatch_Watch_AppUITestsLaunchTests.swift */,
			);
			path = "TToGiOkWatch Watch AppUITests";
			sourceTree = "<group>";
		};
/* End PBXGroup section */

/* Begin PBXNativeTarget section */
		BF2119AE2C2FAC4700CDE738 /* TToGiOk */ = {
			isa = PBXNativeTarget;
			buildConfigurationList = BF2119D32C2FAC4B00CDE738 /* Build configuration list for PBXNativeTarget "TToGiOk" */;
			buildPhases = (
				BF2119AB2C2FAC4700CDE738 /* Sources */,
				BF2119AC2C2FAC4700CDE738 /* Frameworks */,
				BF2119AD2C2FAC4700CDE738 /* Resources */,
				BF211A072C2FACEC00CDE738 /* Embed Watch Content */,
			);
			buildRules = (
			);
			dependencies = (
				BF211A022C2FACEC00CDE738 /* PBXTargetDependency */,
			);
			name = TToGiOk;
			productName = TToGiOk;
			productReference = BF2119AF2C2FAC4700CDE738 /* TToGiOk.app */;
			productType = "com.apple.product-type.application";
		};
		BF2119BE2C2FAC4B00CDE738 /* TToGiOkTests */ = {
			isa = PBXNativeTarget;
			buildConfigurationList = BF2119D62C2FAC4B00CDE738 /* Build configuration list for PBXNativeTarget "TToGiOkTests" */;
			buildPhases = (
				BF2119BB2C2FAC4B00CDE738 /* Sources */,
				BF2119BC2C2FAC4B00CDE738 /* Frameworks */,
				BF2119BD2C2FAC4B00CDE738 /* Resources */,
			);
			buildRules = (
			);
			dependencies = (
				BF2119C12C2FAC4B00CDE738 /* PBXTargetDependency */,
			);
			name = TToGiOkTests;
			productName = TToGiOkTests;
			productReference = BF2119BF2C2FAC4B00CDE738 /* TToGiOkTests.xctest */;
			productType = "com.apple.product-type.bundle.unit-test";
		};
		BF2119C82C2FAC4B00CDE738 /* TToGiOkUITests */ = {
			isa = PBXNativeTarget;
			buildConfigurationList = BF2119D92C2FAC4B00CDE738 /* Build configuration list for PBXNativeTarget "TToGiOkUITests" */;
			buildPhases = (
				BF2119C52C2FAC4B00CDE738 /* Sources */,
				BF2119C62C2FAC4B00CDE738 /* Frameworks */,
				BF2119C72C2FAC4B00CDE738 /* Resources */,
			);
			buildRules = (
			);
			dependencies = (
				BF2119CB2C2FAC4B00CDE738 /* PBXTargetDependency */,
			);
			name = TToGiOkUITests;
			productName = TToGiOkUITests;
			productReference = BF2119C92C2FAC4B00CDE738 /* TToGiOkUITests.xctest */;
			productType = "com.apple.product-type.bundle.ui-testing";
		};
		BF2119DF2C2FACE900CDE738 /* TToGiOkWatch Watch App */ = {
			isa = PBXNativeTarget;
			buildConfigurationList = BF211A042C2FACEC00CDE738 /* Build configuration list for PBXNativeTarget "TToGiOkWatch Watch App" */;
			buildPhases = (
				BF2119DC2C2FACE900CDE738 /* Sources */,
				BF2119DD2C2FACE900CDE738 /* Frameworks */,
				BF2119DE2C2FACE900CDE738 /* Resources */,
			);
			buildRules = (
			);
			dependencies = (
			);
			name = "TToGiOkWatch Watch App";
			productName = "TToGiOkWatch Watch App";
			productReference = BF2119E02C2FACE900CDE738 /* TToGiOkWatch Watch App.app */;
			productType = "com.apple.product-type.application";
		};
		BF2119EE2C2FACEC00CDE738 /* TToGiOkWatch Watch AppTests */ = {
			isa = PBXNativeTarget;
			buildConfigurationList = BF211A082C2FACEC00CDE738 /* Build configuration list for PBXNativeTarget "TToGiOkWatch Watch AppTests" */;
			buildPhases = (
				BF2119EB2C2FACEC00CDE738 /* Sources */,
				BF2119EC2C2FACEC00CDE738 /* Frameworks */,
				BF2119ED2C2FACEC00CDE738 /* Resources */,
			);
			buildRules = (
			);
			dependencies = (
				BF2119F12C2FACEC00CDE738 /* PBXTargetDependency */,
			);
			name = "TToGiOkWatch Watch AppTests";
			productName = "TToGiOkWatch Watch AppTests";
			productReference = BF2119EF2C2FACEC00CDE738 /* TToGiOkWatch Watch AppTests.xctest */;
			productType = "com.apple.product-type.bundle.unit-test";
		};
		BF2119F82C2FACEC00CDE738 /* TToGiOkWatch Watch AppUITests */ = {
			isa = PBXNativeTarget;
			buildConfigurationList = BF211A0B2C2FACEC00CDE738 /* Build configuration list for PBXNativeTarget "TToGiOkWatch Watch AppUITests" */;
			buildPhases = (
				BF2119F52C2FACEC00CDE738 /* Sources */,
				BF2119F62C2FACEC00CDE738 /* Frameworks */,
				BF2119F72C2FACEC00CDE738 /* Resources */,
			);
			buildRules = (
			);
			dependencies = (
				BF2119FB2C2FACEC00CDE738 /* PBXTargetDependency */,
			);
			name = "TToGiOkWatch Watch AppUITests";
			productName = "TToGiOkWatch Watch AppUITests";
			productReference = BF2119F92C2FACEC00CDE738 /* TToGiOkWatch Watch AppUITests.xctest */;
			productType = "com.apple.product-type.bundle.ui-testing";
		};
/* End PBXNativeTarget section */

/* Begin PBXProject section */
		BF2119A72C2FAC4700CDE738 /* Project object */ = {
			isa = PBXProject;
			attributes = {
				BuildIndependentTargetsInParallel = 1;
				LastSwiftUpdateCheck = 1600;
				LastUpgradeCheck = 1600;
				TargetAttributes = {
					BF2119AE2C2FAC4700CDE738 = {
						CreatedOnToolsVersion = 16.0;
					};
					BF2119BE2C2FAC4B00CDE738 = {
						CreatedOnToolsVersion = 16.0;
						TestTargetID = BF2119AE2C2FAC4700CDE738;
					};
					BF2119C82C2FAC4B00CDE738 = {
						CreatedOnToolsVersion = 16.0;
						TestTargetID = BF2119AE2C2FAC4700CDE738;
					};
					BF2119DF2C2FACE900CDE738 = {
						CreatedOnToolsVersion = 16.0;
					};
					BF2119EE2C2FACEC00CDE738 = {
						CreatedOnToolsVersion = 16.0;
						TestTargetID = BF2119DF2C2FACE900CDE738;
					};
					BF2119F82C2FACEC00CDE738 = {
						CreatedOnToolsVersion = 16.0;
						TestTargetID = BF2119DF2C2FACE900CDE738;
					};
				};
			};
			buildConfigurationList = BF2119AA2C2FAC4700CDE738 /* Build configuration list for PBXProject "TToGiOk" */;
			compatibilityVersion = "Xcode 15.0";
			developmentRegion = en;
			hasScannedForEncodings = 0;
			knownRegions = (
				en,
				Base,
			);
			mainGroup = BF2119A62C2FAC4700CDE738;
			productRefGroup = BF2119B02C2FAC4700CDE738 /* Products */;
			projectDirPath = "";
			projectRoot = "";
			targets = (
				BF2119AE2C2FAC4700CDE738 /* TToGiOk */,
				BF2119BE2C2FAC4B00CDE738 /* TToGiOkTests */,
				BF2119C82C2FAC4B00CDE738 /* TToGiOkUITests */,
				BF2119DF2C2FACE900CDE738 /* TToGiOkWatch Watch App */,
				BF2119EE2C2FACEC00CDE738 /* TToGiOkWatch Watch AppTests */,
				BF2119F82C2FACEC00CDE738 /* TToGiOkWatch Watch AppUITests */,
			);
		};
/* End PBXProject section */

/* Begin PBXResourcesBuildPhase section */
		BF2119AD2C2FAC4700CDE738 /* Resources */ = {
			isa = PBXResourcesBuildPhase;
			buildActionMask = 2147483647;
			files = (
				BF2119BA2C2FAC4A00CDE738 /* Preview Assets.xcassets in Resources */,
				BF2119B72C2FAC4A00CDE738 /* Assets.xcassets in Resources */,
			);
			runOnlyForDeploymentPostprocessing = 0;
		};
		BF2119BD2C2FAC4B00CDE738 /* Resources */ = {
			isa = PBXResourcesBuildPhase;
			buildActionMask = 2147483647;
			files = (
			);
			runOnlyForDeploymentPostprocessing = 0;
		};
		BF2119C72C2FAC4B00CDE738 /* Resources */ = {
			isa = PBXResourcesBuildPhase;
			buildActionMask = 2147483647;
			files = (
			);
			runOnlyForDeploymentPostprocessing = 0;
		};
		BF2119DE2C2FACE900CDE738 /* Resources */ = {
			isa = PBXResourcesBuildPhase;
			buildActionMask = 2147483647;
			files = (
				BF2119EA2C2FACEC00CDE738 /* Preview Assets.xcassets in Resources */,
				BF2119E72C2FACEC00CDE738 /* Assets.xcassets in Resources */,
			);
			runOnlyForDeploymentPostprocessing = 0;
		};
		BF2119ED2C2FACEC00CDE738 /* Resources */ = {
			isa = PBXResourcesBuildPhase;
			buildActionMask = 2147483647;
			files = (
			);
			runOnlyForDeploymentPostprocessing = 0;
		};
		BF2119F72C2FACEC00CDE738 /* Resources */ = {
			isa = PBXResourcesBuildPhase;
			buildActionMask = 2147483647;
			files = (
			);
			runOnlyForDeploymentPostprocessing = 0;
		};
/* End PBXResourcesBuildPhase section */

/* Begin PBXSourcesBuildPhase section */
		BF2119AB2C2FAC4700CDE738 /* Sources */ = {
			isa = PBXSourcesBuildPhase;
			buildActionMask = 2147483647;
			files = (
				BF2119B52C2FAC4700CDE738 /* ContentView.swift in Sources */,
				BF2119B32C2FAC4700CDE738 /* TToGiOkApp.swift in Sources */,
			);
			runOnlyForDeploymentPostprocessing = 0;
		};
		BF2119BB2C2FAC4B00CDE738 /* Sources */ = {
			isa = PBXSourcesBuildPhase;
			buildActionMask = 2147483647;
			files = (
				BF2119C42C2FAC4B00CDE738 /* TToGiOkTests.swift in Sources */,
			);
			runOnlyForDeploymentPostprocessing = 0;
		};
		BF2119C52C2FAC4B00CDE738 /* Sources */ = {
			isa = PBXSourcesBuildPhase;
			buildActionMask = 2147483647;
			files = (
				BF2119D02C2FAC4B00CDE738 /* TToGiOkUITestsLaunchTests.swift in Sources */,
				BF2119CE2C2FAC4B00CDE738 /* TToGiOkUITests.swift in Sources */,
			);
			runOnlyForDeploymentPostprocessing = 0;
		};
		BF2119DC2C2FACE900CDE738 /* Sources */ = {
			isa = PBXSourcesBuildPhase;
			buildActionMask = 2147483647;
			files = (
				BF2119E52C2FACE900CDE738 /* ContentView.swift in Sources */,
			);
			runOnlyForDeploymentPostprocessing = 0;
		};
		BF2119EB2C2FACEC00CDE738 /* Sources */ = {
			isa = PBXSourcesBuildPhase;
			buildActionMask = 2147483647;
			files = (
				BF2119F42C2FACEC00CDE738 /* TToGiOkWatch_Watch_AppTests.swift in Sources */,
			);
			runOnlyForDeploymentPostprocessing = 0;
		};
		BF2119F52C2FACEC00CDE738 /* Sources */ = {
			isa = PBXSourcesBuildPhase;
			buildActionMask = 2147483647;
			files = (
				BF211A002C2FACEC00CDE738 /* TToGiOkWatch_Watch_AppUITestsLaunchTests.swift in Sources */,
				BF2119FE2C2FACEC00CDE738 /* TToGiOkWatch_Watch_AppUITests.swift in Sources */,
			);
			runOnlyForDeploymentPostprocessing = 0;
		};
/* End PBXSourcesBuildPhase section */

/* Begin PBXTargetDependency section */
		BF2119C12C2FAC4B00CDE738 /* PBXTargetDependency */ = {
			isa = PBXTargetDependency;
			target = BF2119AE2C2FAC4700CDE738 /* TToGiOk */;
			targetProxy = BF2119C02C2FAC4B00CDE738 /* PBXContainerItemProxy */;
		};
		BF2119CB2C2FAC4B00CDE738 /* PBXTargetDependency */ = {
			isa = PBXTargetDependency;
			target = BF2119AE2C2FAC4700CDE738 /* TToGiOk */;
			targetProxy = BF2119CA2C2FAC4B00CDE738 /* PBXContainerItemProxy */;
		};
		BF2119F12C2FACEC00CDE738 /* PBXTargetDependency */ = {
			isa = PBXTargetDependency;
			target = BF2119DF2C2FACE900CDE738 /* TToGiOkWatch Watch App */;
			targetProxy = BF2119F02C2FACEC00CDE738 /* PBXContainerItemProxy */;
		};
		BF2119FB2C2FACEC00CDE738 /* PBXTargetDependency */ = {
			isa = PBXTargetDependency;
			target = BF2119DF2C2FACE900CDE738 /* TToGiOkWatch Watch App */;
			targetProxy = BF2119FA2C2FACEC00CDE738 /* PBXContainerItemProxy */;
		};
		BF211A022C2FACEC00CDE738 /* PBXTargetDependency */ = {
			isa = PBXTargetDependency;
			target = BF2119DF2C2FACE900CDE738 /* TToGiOkWatch Watch App */;
			targetProxy = BF211A012C2FACEC00CDE738 /* PBXContainerItemProxy */;
		};
/* End PBXTargetDependency section */

/* Begin XCBuildConfiguration section */
		BF2119D12C2FAC4B00CDE738 /* Debug */ = {
			isa = XCBuildConfiguration;
			buildSettings = {
				ALWAYS_SEARCH_USER_PATHS = NO;
				ASSETCATALOG_COMPILER_GENERATE_SWIFT_ASSET_SYMBOL_EXTENSIONS = YES;
				CLANG_ANALYZER_NONNULL = YES;
				CLANG_ANALYZER_NUMBER_OBJECT_CONVERSION = YES_AGGRESSIVE;
				CLANG_CXX_LANGUAGE_STANDARD = "gnu++20";
				CLANG_ENABLE_MODULES = YES;
				CLANG_ENABLE_OBJC_ARC = YES;
				CLANG_ENABLE_OBJC_WEAK = YES;
				CLANG_WARN_BLOCK_CAPTURE_AUTORELEASING = YES;
				CLANG_WARN_BOOL_CONVERSION = YES;
				CLANG_WARN_COMMA = YES;
				CLANG_WARN_CONSTANT_CONVERSION = YES;
				CLANG_WARN_DEPRECATED_OBJC_IMPLEMENTATIONS = YES;
				CLANG_WARN_DIRECT_OBJC_ISA_USAGE = YES_ERROR;
				CLANG_WARN_DOCUMENTATION_COMMENTS = YES;
				CLANG_WARN_EMPTY_BODY = YES;
				CLANG_WARN_ENUM_CONVERSION = YES;
				CLANG_WARN_INFINITE_RECURSION = YES;
				CLANG_WARN_INT_CONVERSION = YES;
				CLANG_WARN_NON_LITERAL_NULL_CONVERSION = YES;
				CLANG_WARN_OBJC_IMPLICIT_RETAIN_SELF = YES;
				CLANG_WARN_OBJC_LITERAL_CONVERSION = YES;
				CLANG_WARN_OBJC_ROOT_CLASS = YES_ERROR;
				CLANG_WARN_QUOTED_INCLUDE_IN_FRAMEWORK_HEADER = YES;
				CLANG_WARN_RANGE_LOOP_ANALYSIS = YES;
				CLANG_WARN_STRICT_PROTOTYPES = YES;
				CLANG_WARN_SUSPICIOUS_MOVE = YES;
				CLANG_WARN_UNGUARDED_AVAILABILITY = YES_AGGRESSIVE;
				CLANG_WARN_UNREACHABLE_CODE = YES;
				CLANG_WARN__DUPLICATE_METHOD_MATCH = YES;
				COPY_PHASE_STRIP = NO;
				DEBUG_INFORMATION_FORMAT = dwarf;
				ENABLE_STRICT_OBJC_MSGSEND = YES;
				ENABLE_TESTABILITY = YES;
				ENABLE_USER_SCRIPT_SANDBOXING = YES;
				GCC_C_LANGUAGE_STANDARD = gnu17;
				GCC_DYNAMIC_NO_PIC = NO;
				GCC_NO_COMMON_BLOCKS = YES;
				GCC_OPTIMIZATION_LEVEL = 0;
				GCC_PREPROCESSOR_DEFINITIONS = (
					"DEBUG=1",
					"$(inherited)",
				);
				GCC_WARN_64_TO_32_BIT_CONVERSION = YES;
				GCC_WARN_ABOUT_RETURN_TYPE = YES_ERROR;
				GCC_WARN_UNDECLARED_SELECTOR = YES;
				GCC_WARN_UNINITIALIZED_AUTOS = YES_AGGRESSIVE;
				GCC_WARN_UNUSED_FUNCTION = YES;
				GCC_WARN_UNUSED_VARIABLE = YES;
				IPHONEOS_DEPLOYMENT_TARGET = 18.0;
				LOCALIZATION_PREFERS_STRING_CATALOGS = YES;
				MTL_ENABLE_DEBUG_INFO = INCLUDE_SOURCE;
				MTL_FAST_MATH = YES;
				ONLY_ACTIVE_ARCH = YES;
				SDKROOT = iphoneos;
				SWIFT_ACTIVE_COMPILATION_CONDITIONS = "DEBUG $(inherited)";
				SWIFT_OPTIMIZATION_LEVEL = "-Onone";
			};
			name = Debug;
		};
		BF2119D22C2FAC4B00CDE738 /* Release */ = {
			isa = XCBuildConfiguration;
			buildSettings = {
				ALWAYS_SEARCH_USER_PATHS = NO;
				ASSETCATALOG_COMPILER_GENERATE_SWIFT_ASSET_SYMBOL_EXTENSIONS = YES;
				CLANG_ANALYZER_NONNULL = YES;
				CLANG_ANALYZER_NUMBER_OBJECT_CONVERSION = YES_AGGRESSIVE;
				CLANG_CXX_LANGUAGE_STANDARD = "gnu++20";
				CLANG_ENABLE_MODULES = YES;
				CLANG_ENABLE_OBJC_ARC = YES;
				CLANG_ENABLE_OBJC_WEAK = YES;
				CLANG_WARN_BLOCK_CAPTURE_AUTORELEASING = YES;
				CLANG_WARN_BOOL_CONVERSION = YES;
				CLANG_WARN_COMMA = YES;
				CLANG_WARN_CONSTANT_CONVERSION = YES;
				CLANG_WARN_DEPRECATED_OBJC_IMPLEMENTATIONS = YES;
				CLANG_WARN_DIRECT_OBJC_ISA_USAGE = YES_ERROR;
				CLANG_WARN_DOCUMENTATION_COMMENTS = YES;
				CLANG_WARN_EMPTY_BODY = YES;
				CLANG_WARN_ENUM_CONVERSION = YES;
				CLANG_WARN_INFINITE_RECURSION = YES;
				CLANG_WARN_INT_CONVERSION = YES;
				CLANG_WARN_NON_LITERAL_NULL_CONVERSION = YES;
				CLANG_WARN_OBJC_IMPLICIT_RETAIN_SELF = YES;
				CLANG_WARN_OBJC_LITERAL_CONVERSION = YES;
				CLANG_WARN_OBJC_ROOT_CLASS = YES_ERROR;
				CLANG_WARN_QUOTED_INCLUDE_IN_FRAMEWORK_HEADER = YES;
				CLANG_WARN_RANGE_LOOP_ANALYSIS = YES;
				CLANG_WARN_STRICT_PROTOTYPES = YES;
				CLANG_WARN_SUSPICIOUS_MOVE = YES;
				CLANG_WARN_UNGUARDED_AVAILABILITY = YES_AGGRESSIVE;
				CLANG_WARN_UNREACHABLE_CODE = YES;
				CLANG_WARN__DUPLICATE_METHOD_MATCH = YES;
				COPY_PHASE_STRIP = NO;
				DEBUG_INFORMATION_FORMAT = "dwarf-with-dsym";
				ENABLE_NS_ASSERTIONS = NO;
				ENABLE_STRICT_OBJC_MSGSEND = YES;
				ENABLE_USER_SCRIPT_SANDBOXING = YES;
				GCC_C_LANGUAGE_STANDARD = gnu17;
				GCC_NO_COMMON_BLOCKS = YES;
				GCC_WARN_64_TO_32_BIT_CONVERSION = YES;
				GCC_WARN_ABOUT_RETURN_TYPE = YES_ERROR;
				GCC_WARN_UNDECLARED_SELECTOR = YES;
				GCC_WARN_UNINITIALIZED_AUTOS = YES_AGGRESSIVE;
				GCC_WARN_UNUSED_FUNCTION = YES;
				GCC_WARN_UNUSED_VARIABLE = YES;
				IPHONEOS_DEPLOYMENT_TARGET = 18.0;
				LOCALIZATION_PREFERS_STRING_CATALOGS = YES;
				MTL_ENABLE_DEBUG_INFO = NO;
				MTL_FAST_MATH = YES;
				SDKROOT = iphoneos;
				SWIFT_COMPILATION_MODE = wholemodule;
				VALIDATE_PRODUCT = YES;
			};
			name = Release;
		};
		BF2119D42C2FAC4B00CDE738 /* Debug */ = {
			isa = XCBuildConfiguration;
			buildSettings = {
				ASSETCATALOG_COMPILER_APPICON_NAME = AppIcon;
				ASSETCATALOG_COMPILER_GLOBAL_ACCENT_COLOR_NAME = AccentColor;
				CODE_SIGN_STYLE = Automatic;
				CURRENT_PROJECT_VERSION = 1;
				DEVELOPMENT_ASSET_PATHS = "\"TToGiOk/Preview Content\"";
				DEVELOPMENT_TEAM = LFZR92V6WF;
				ENABLE_PREVIEWS = YES;
				GENERATE_INFOPLIST_FILE = YES;
				INFOPLIST_KEY_UIApplicationSceneManifest_Generation = YES;
				INFOPLIST_KEY_UIApplicationSupportsIndirectInputEvents = YES;
				INFOPLIST_KEY_UILaunchScreen_Generation = YES;
				INFOPLIST_KEY_UISupportedInterfaceOrientations = UIInterfaceOrientationPortrait;
				INFOPLIST_KEY_UISupportedInterfaceOrientations_iPad = "UIInterfaceOrientationLandscapeLeft UIInterfaceOrientationLandscapeRight UIInterfaceOrientationPortrait UIInterfaceOrientationPortraitUpsideDown";
				LD_RUNPATH_SEARCH_PATHS = (
					"$(inherited)",
					"@executable_path/Frameworks",
				);
				MARKETING_VERSION = 1.0;
				PRODUCT_BUNDLE_IDENTIFIER = com.letusgo.teamnine.ios.TToGiOk;
				PRODUCT_NAME = "$(TARGET_NAME)";
				SUPPORTED_PLATFORMS = "iphoneos iphonesimulator";
				SUPPORTS_MACCATALYST = NO;
				SUPPORTS_MAC_DESIGNED_FOR_IPHONE_IPAD = NO;
				SUPPORTS_XR_DESIGNED_FOR_IPHONE_IPAD = NO;
				SWIFT_EMIT_LOC_STRINGS = YES;
				SWIFT_VERSION = 5.0;
				TARGETED_DEVICE_FAMILY = 1;
			};
			name = Debug;
		};
		BF2119D52C2FAC4B00CDE738 /* Release */ = {
			isa = XCBuildConfiguration;
			buildSettings = {
				ASSETCATALOG_COMPILER_APPICON_NAME = AppIcon;
				ASSETCATALOG_COMPILER_GLOBAL_ACCENT_COLOR_NAME = AccentColor;
				CODE_SIGN_STYLE = Automatic;
				CURRENT_PROJECT_VERSION = 1;
				DEVELOPMENT_ASSET_PATHS = "\"TToGiOk/Preview Content\"";
				DEVELOPMENT_TEAM = LFZR92V6WF;
				ENABLE_PREVIEWS = YES;
				GENERATE_INFOPLIST_FILE = YES;
				INFOPLIST_KEY_UIApplicationSceneManifest_Generation = YES;
				INFOPLIST_KEY_UIApplicationSupportsIndirectInputEvents = YES;
				INFOPLIST_KEY_UILaunchScreen_Generation = YES;
				INFOPLIST_KEY_UISupportedInterfaceOrientations = UIInterfaceOrientationPortrait;
				INFOPLIST_KEY_UISupportedInterfaceOrientations_iPad = "UIInterfaceOrientationLandscapeLeft UIInterfaceOrientationLandscapeRight UIInterfaceOrientationPortrait UIInterfaceOrientationPortraitUpsideDown";
				LD_RUNPATH_SEARCH_PATHS = (
					"$(inherited)",
					"@executable_path/Frameworks",
				);
				MARKETING_VERSION = 1.0;
				PRODUCT_BUNDLE_IDENTIFIER = com.letusgo.teamnine.ios.TToGiOk;
				PRODUCT_NAME = "$(TARGET_NAME)";
				SUPPORTED_PLATFORMS = "iphoneos iphonesimulator";
				SUPPORTS_MACCATALYST = NO;
				SUPPORTS_MAC_DESIGNED_FOR_IPHONE_IPAD = NO;
				SUPPORTS_XR_DESIGNED_FOR_IPHONE_IPAD = NO;
				SWIFT_EMIT_LOC_STRINGS = YES;
				SWIFT_VERSION = 5.0;
				TARGETED_DEVICE_FAMILY = 1;
			};
			name = Release;
		};
		BF2119D72C2FAC4B00CDE738 /* Debug */ = {
			isa = XCBuildConfiguration;
			buildSettings = {
				BUNDLE_LOADER = "$(TEST_HOST)";
				CODE_SIGN_STYLE = Automatic;
				CURRENT_PROJECT_VERSION = 1;
				DEVELOPMENT_TEAM = LFZR92V6WF;
				GENERATE_INFOPLIST_FILE = YES;
				IPHONEOS_DEPLOYMENT_TARGET = 18.0;
				MARKETING_VERSION = 1.0;
				PRODUCT_BUNDLE_IDENTIFIER = com.letusgo.teamnine.ios.TToGiOkTests;
				PRODUCT_NAME = "$(TARGET_NAME)";
				SWIFT_EMIT_LOC_STRINGS = NO;
				SWIFT_VERSION = 5.0;
				TARGETED_DEVICE_FAMILY = "1,2";
				TEST_HOST = "$(BUILT_PRODUCTS_DIR)/TToGiOk.app/$(BUNDLE_EXECUTABLE_FOLDER_PATH)/TToGiOk";
			};
			name = Debug;
		};
		BF2119D82C2FAC4B00CDE738 /* Release */ = {
			isa = XCBuildConfiguration;
			buildSettings = {
				BUNDLE_LOADER = "$(TEST_HOST)";
				CODE_SIGN_STYLE = Automatic;
				CURRENT_PROJECT_VERSION = 1;
				DEVELOPMENT_TEAM = LFZR92V6WF;
				GENERATE_INFOPLIST_FILE = YES;
				IPHONEOS_DEPLOYMENT_TARGET = 18.0;
				MARKETING_VERSION = 1.0;
				PRODUCT_BUNDLE_IDENTIFIER = com.letusgo.teamnine.ios.TToGiOkTests;
				PRODUCT_NAME = "$(TARGET_NAME)";
				SWIFT_EMIT_LOC_STRINGS = NO;
				SWIFT_VERSION = 5.0;
				TARGETED_DEVICE_FAMILY = "1,2";
				TEST_HOST = "$(BUILT_PRODUCTS_DIR)/TToGiOk.app/$(BUNDLE_EXECUTABLE_FOLDER_PATH)/TToGiOk";
			};
			name = Release;
		};
		BF2119DA2C2FAC4B00CDE738 /* Debug */ = {
			isa = XCBuildConfiguration;
			buildSettings = {
				CODE_SIGN_STYLE = Automatic;
				CURRENT_PROJECT_VERSION = 1;
				DEVELOPMENT_TEAM = LFZR92V6WF;
				GENERATE_INFOPLIST_FILE = YES;
				MARKETING_VERSION = 1.0;
				PRODUCT_BUNDLE_IDENTIFIER = com.letusgo.teamnine.ios.TToGiOkUITests;
				PRODUCT_NAME = "$(TARGET_NAME)";
				SWIFT_EMIT_LOC_STRINGS = NO;
				SWIFT_VERSION = 5.0;
				TARGETED_DEVICE_FAMILY = "1,2";
				TEST_TARGET_NAME = TToGiOk;
			};
			name = Debug;
		};
		BF2119DB2C2FAC4B00CDE738 /* Release */ = {
			isa = XCBuildConfiguration;
			buildSettings = {
				CODE_SIGN_STYLE = Automatic;
				CURRENT_PROJECT_VERSION = 1;
				DEVELOPMENT_TEAM = LFZR92V6WF;
				GENERATE_INFOPLIST_FILE = YES;
				MARKETING_VERSION = 1.0;
				PRODUCT_BUNDLE_IDENTIFIER = com.letusgo.teamnine.ios.TToGiOkUITests;
				PRODUCT_NAME = "$(TARGET_NAME)";
				SWIFT_EMIT_LOC_STRINGS = NO;
				SWIFT_VERSION = 5.0;
				TARGETED_DEVICE_FAMILY = "1,2";
				TEST_TARGET_NAME = TToGiOk;
			};
			name = Release;
		};
		BF211A052C2FACEC00CDE738 /* Debug */ = {
			isa = XCBuildConfiguration;
			buildSettings = {
				ASSETCATALOG_COMPILER_APPICON_NAME = AppIcon;
				ASSETCATALOG_COMPILER_GLOBAL_ACCENT_COLOR_NAME = AccentColor;
				CODE_SIGN_STYLE = Automatic;
				CURRENT_PROJECT_VERSION = 1;
				DEVELOPMENT_ASSET_PATHS = "\"TToGiOkWatch Watch App/Preview Content\"";
				DEVELOPMENT_TEAM = LFZR92V6WF;
				ENABLE_PREVIEWS = YES;
				GENERATE_INFOPLIST_FILE = YES;
				INFOPLIST_KEY_CFBundleDisplayName = TToGiOkWatch;
				INFOPLIST_KEY_UISupportedInterfaceOrientations = "UIInterfaceOrientationPortrait UIInterfaceOrientationPortraitUpsideDown";
				INFOPLIST_KEY_WKCompanionAppBundleIdentifier = com.letusgo.teamnine.ios.TToGiOk;
				INFOPLIST_KEY_WKRunsIndependentlyOfCompanionApp = YES;
				LD_RUNPATH_SEARCH_PATHS = (
					"$(inherited)",
					"@executable_path/Frameworks",
				);
				MARKETING_VERSION = 1.0;
				PRODUCT_BUNDLE_IDENTIFIER = com.letusgo.teamnine.ios.TToGiOk.watchkitapp;
				PRODUCT_NAME = "$(TARGET_NAME)";
				SDKROOT = watchos;
				SKIP_INSTALL = YES;
				SWIFT_EMIT_LOC_STRINGS = YES;
				SWIFT_VERSION = 5.0;
				TARGETED_DEVICE_FAMILY = 4;
				WATCHOS_DEPLOYMENT_TARGET = 11.0;
			};
			name = Debug;
		};
		BF211A062C2FACEC00CDE738 /* Release */ = {
			isa = XCBuildConfiguration;
			buildSettings = {
				ASSETCATALOG_COMPILER_APPICON_NAME = AppIcon;
				ASSETCATALOG_COMPILER_GLOBAL_ACCENT_COLOR_NAME = AccentColor;
				CODE_SIGN_STYLE = Automatic;
				CURRENT_PROJECT_VERSION = 1;
				DEVELOPMENT_ASSET_PATHS = "\"TToGiOkWatch Watch App/Preview Content\"";
				DEVELOPMENT_TEAM = LFZR92V6WF;
				ENABLE_PREVIEWS = YES;
				GENERATE_INFOPLIST_FILE = YES;
				INFOPLIST_KEY_CFBundleDisplayName = TToGiOkWatch;
				INFOPLIST_KEY_UISupportedInterfaceOrientations = "UIInterfaceOrientationPortrait UIInterfaceOrientationPortraitUpsideDown";
				INFOPLIST_KEY_WKCompanionAppBundleIdentifier = com.letusgo.teamnine.ios.TToGiOk;
				INFOPLIST_KEY_WKRunsIndependentlyOfCompanionApp = YES;
				LD_RUNPATH_SEARCH_PATHS = (
					"$(inherited)",
					"@executable_path/Frameworks",
				);
				MARKETING_VERSION = 1.0;
				PRODUCT_BUNDLE_IDENTIFIER = com.letusgo.teamnine.ios.TToGiOk.watchkitapp;
				PRODUCT_NAME = "$(TARGET_NAME)";
				SDKROOT = watchos;
				SKIP_INSTALL = YES;
				SWIFT_EMIT_LOC_STRINGS = YES;
				SWIFT_VERSION = 5.0;
				TARGETED_DEVICE_FAMILY = 4;
				WATCHOS_DEPLOYMENT_TARGET = 11.0;
			};
			name = Release;
		};
		BF211A092C2FACEC00CDE738 /* Debug */ = {
			isa = XCBuildConfiguration;
			buildSettings = {
				BUNDLE_LOADER = "$(TEST_HOST)";
				CODE_SIGN_STYLE = Automatic;
				CURRENT_PROJECT_VERSION = 1;
				DEVELOPMENT_TEAM = LFZR92V6WF;
				GENERATE_INFOPLIST_FILE = YES;
				MARKETING_VERSION = 1.0;
				PRODUCT_BUNDLE_IDENTIFIER = "com.letusgo.teamnine.ios.TToGiOkWatch-Watch-AppTests";
				PRODUCT_NAME = "$(TARGET_NAME)";
				SDKROOT = watchos;
				SWIFT_EMIT_LOC_STRINGS = NO;
				SWIFT_VERSION = 5.0;
				TARGETED_DEVICE_FAMILY = 4;
				TEST_HOST = "$(BUILT_PRODUCTS_DIR)/TToGiOkWatch Watch App.app/$(BUNDLE_EXECUTABLE_FOLDER_PATH)/TToGiOkWatch Watch App";
				WATCHOS_DEPLOYMENT_TARGET = 11.0;
			};
			name = Debug;
		};
		BF211A0A2C2FACEC00CDE738 /* Release */ = {
			isa = XCBuildConfiguration;
			buildSettings = {
				BUNDLE_LOADER = "$(TEST_HOST)";
				CODE_SIGN_STYLE = Automatic;
				CURRENT_PROJECT_VERSION = 1;
				DEVELOPMENT_TEAM = LFZR92V6WF;
				GENERATE_INFOPLIST_FILE = YES;
				MARKETING_VERSION = 1.0;
				PRODUCT_BUNDLE_IDENTIFIER = "com.letusgo.teamnine.ios.TToGiOkWatch-Watch-AppTests";
				PRODUCT_NAME = "$(TARGET_NAME)";
				SDKROOT = watchos;
				SWIFT_EMIT_LOC_STRINGS = NO;
				SWIFT_VERSION = 5.0;
				TARGETED_DEVICE_FAMILY = 4;
				TEST_HOST = "$(BUILT_PRODUCTS_DIR)/TToGiOkWatch Watch App.app/$(BUNDLE_EXECUTABLE_FOLDER_PATH)/TToGiOkWatch Watch App";
				WATCHOS_DEPLOYMENT_TARGET = 11.0;
			};
			name = Release;
		};
		BF211A0C2C2FACEC00CDE738 /* Debug */ = {
			isa = XCBuildConfiguration;
			buildSettings = {
				CODE_SIGN_STYLE = Automatic;
				CURRENT_PROJECT_VERSION = 1;
				DEVELOPMENT_TEAM = LFZR92V6WF;
				GENERATE_INFOPLIST_FILE = YES;
				MARKETING_VERSION = 1.0;
				PRODUCT_BUNDLE_IDENTIFIER = "com.letusgo.teamnine.ios.TToGiOkWatch-Watch-AppUITests";
				PRODUCT_NAME = "$(TARGET_NAME)";
				SDKROOT = watchos;
				SWIFT_EMIT_LOC_STRINGS = NO;
				SWIFT_VERSION = 5.0;
				TARGETED_DEVICE_FAMILY = 4;
				TEST_TARGET_NAME = "TToGiOkWatch Watch App";
				WATCHOS_DEPLOYMENT_TARGET = 11.0;
			};
			name = Debug;
		};
		BF211A0D2C2FACEC00CDE738 /* Release */ = {
			isa = XCBuildConfiguration;
			buildSettings = {
				CODE_SIGN_STYLE = Automatic;
				CURRENT_PROJECT_VERSION = 1;
				DEVELOPMENT_TEAM = LFZR92V6WF;
				GENERATE_INFOPLIST_FILE = YES;
				MARKETING_VERSION = 1.0;
				PRODUCT_BUNDLE_IDENTIFIER = "com.letusgo.teamnine.ios.TToGiOkWatch-Watch-AppUITests";
				PRODUCT_NAME = "$(TARGET_NAME)";
				SDKROOT = watchos;
				SWIFT_EMIT_LOC_STRINGS = NO;
				SWIFT_VERSION = 5.0;
				TARGETED_DEVICE_FAMILY = 4;
				TEST_TARGET_NAME = "TToGiOkWatch Watch App";
				WATCHOS_DEPLOYMENT_TARGET = 11.0;
			};
			name = Release;
		};
/* End XCBuildConfiguration section */

/* Begin XCConfigurationList section */
		BF2119AA2C2FAC4700CDE738 /* Build configuration list for PBXProject "TToGiOk" */ = {
			isa = XCConfigurationList;
			buildConfigurations = (
				BF2119D12C2FAC4B00CDE738 /* Debug */,
				BF2119D22C2FAC4B00CDE738 /* Release */,
			);
			defaultConfigurationIsVisible = 0;
			defaultConfigurationName = Release;
		};
		BF2119D32C2FAC4B00CDE738 /* Build configuration list for PBXNativeTarget "TToGiOk" */ = {
			isa = XCConfigurationList;
			buildConfigurations = (
				BF2119D42C2FAC4B00CDE738 /* Debug */,
				BF2119D52C2FAC4B00CDE738 /* Release */,
			);
			defaultConfigurationIsVisible = 0;
			defaultConfigurationName = Release;
		};
		BF2119D62C2FAC4B00CDE738 /* Build configuration list for PBXNativeTarget "TToGiOkTests" */ = {
			isa = XCConfigurationList;
			buildConfigurations = (
				BF2119D72C2FAC4B00CDE738 /* Debug */,
				BF2119D82C2FAC4B00CDE738 /* Release */,
			);
			defaultConfigurationIsVisible = 0;
			defaultConfigurationName = Release;
		};
		BF2119D92C2FAC4B00CDE738 /* Build configuration list for PBXNativeTarget "TToGiOkUITests" */ = {
			isa = XCConfigurationList;
			buildConfigurations = (
				BF2119DA2C2FAC4B00CDE738 /* Debug */,
				BF2119DB2C2FAC4B00CDE738 /* Release */,
			);
			defaultConfigurationIsVisible = 0;
			defaultConfigurationName = Release;
		};
		BF211A042C2FACEC00CDE738 /* Build configuration list for PBXNativeTarget "TToGiOkWatch Watch App" */ = {
			isa = XCConfigurationList;
			buildConfigurations = (
				BF211A052C2FACEC00CDE738 /* Debug */,
				BF211A062C2FACEC00CDE738 /* Release */,
			);
			defaultConfigurationIsVisible = 0;
			defaultConfigurationName = Release;
		};
		BF211A082C2FACEC00CDE738 /* Build configuration list for PBXNativeTarget "TToGiOkWatch Watch AppTests" */ = {
			isa = XCConfigurationList;
			buildConfigurations = (
				BF211A092C2FACEC00CDE738 /* Debug */,
				BF211A0A2C2FACEC00CDE738 /* Release */,
			);
			defaultConfigurationIsVisible = 0;
			defaultConfigurationName = Release;
		};
		BF211A0B2C2FACEC00CDE738 /* Build configuration list for PBXNativeTarget "TToGiOkWatch Watch AppUITests" */ = {
			isa = XCConfigurationList;
			buildConfigurations = (
				BF211A0C2C2FACEC00CDE738 /* Debug */,
				BF211A0D2C2FACEC00CDE738 /* Release */,
			);
			defaultConfigurationIsVisible = 0;
			defaultConfigurationName = Release;
		};
/* End XCConfigurationList section */
	};
	rootObject = BF2119A72C2FAC4700CDE738 /* Project object */;
}
