// !$*UTF8*$!
{
	archiveVersion = 1;
	classes = {
	};
	objectVersion = 70;
	objects = {

/* Begin PBXBuildFile section */
		9BD2AC0C2C2FBD7300A940B5 /* TToGiOkApp.swift in Sources */ = {isa = PBXBuildFile; fileRef = 9BD2AC0B2C2FBD7300A940B5 /* TToGiOkApp.swift */; };
		9BD2AC102C2FBD7400A940B5 /* Assets.xcassets in Resources */ = {isa = PBXBuildFile; fileRef = 9BD2AC0F2C2FBD7400A940B5 /* Assets.xcassets */; };
		9BD2AC132C2FBD7400A940B5 /* Preview Assets.xcassets in Resources */ = {isa = PBXBuildFile; fileRef = 9BD2AC122C2FBD7400A940B5 /* Preview Assets.xcassets */; };
		9BD2AC212C2FBDA300A940B5 /* TToGiokWatch Watch App.app in Embed Watch Content */ = {isa = PBXBuildFile; fileRef = 9BD2AC202C2FBDA300A940B5 /* TToGiokWatch Watch App.app */; settings = {ATTRIBUTES = (RemoveHeadersOnCopy, ); }; };
		9BD2AC262C2FBDA300A940B5 /* TToGiokWatchApp.swift in Sources */ = {isa = PBXBuildFile; fileRef = 9BD2AC252C2FBDA300A940B5 /* TToGiokWatchApp.swift */; };
		9BD2AC282C2FBDA300A940B5 /* ContentView.swift in Sources */ = {isa = PBXBuildFile; fileRef = 9BD2AC272C2FBDA300A940B5 /* ContentView.swift */; };
		9BD2AC2A2C2FBDA400A940B5 /* Assets.xcassets in Resources */ = {isa = PBXBuildFile; fileRef = 9BD2AC292C2FBDA400A940B5 /* Assets.xcassets */; };
		9BD2AC2D2C2FBDA400A940B5 /* Preview Assets.xcassets in Resources */ = {isa = PBXBuildFile; fileRef = 9BD2AC2C2C2FBDA400A940B5 /* Preview Assets.xcassets */; };
		9BD2AC522C2FC71200A940B5 /* HomeView.swift in Sources */ = {isa = PBXBuildFile; fileRef = 9BD2AC512C2FC71200A940B5 /* HomeView.swift */; };
		BFAD33722C2FDA2100202A78 /* ShakeView.swift in Sources */ = {isa = PBXBuildFile; fileRef = BFAD336E2C2FDA2100202A78 /* ShakeView.swift */; };
		BFAD33732C2FDA2100202A78 /* ShakeView+Extension.swift in Sources */ = {isa = PBXBuildFile; fileRef = BFAD336F2C2FDA2100202A78 /* ShakeView+Extension.swift */; };
		BFAD33742C2FDA2100202A78 /* PowerBall.swift in Sources */ = {isa = PBXBuildFile; fileRef = BFAD33712C2FDA2100202A78 /* PowerBall.swift */; };
		BFAD33762C2FDA2100202A78 /* ShakeManager.swift in Sources */ = {isa = PBXBuildFile; fileRef = BFAD33702C2FDA2100202A78 /* ShakeManager.swift */; };
/* End PBXBuildFile section */

/* Begin PBXContainerItemProxy section */
		9BD2AC222C2FBDA300A940B5 /* PBXContainerItemProxy */ = {
			isa = PBXContainerItemProxy;
			containerPortal = 9BD2AC002C2FBD7300A940B5 /* Project object */;
			proxyType = 1;
			remoteGlobalIDString = 9BD2AC1F2C2FBDA300A940B5;
			remoteInfo = "TToGiokWatch Watch App";
		};
/* End PBXContainerItemProxy section */

/* Begin PBXCopyFilesBuildPhase section */
		9BD2AC312C2FBDA400A940B5 /* Embed Watch Content */ = {
			isa = PBXCopyFilesBuildPhase;
			buildActionMask = 2147483647;
			dstPath = "$(CONTENTS_FOLDER_PATH)/Watch";
			dstSubfolderSpec = 16;
			files = (
				9BD2AC212C2FBDA300A940B5 /* TToGiokWatch Watch App.app in Embed Watch Content */,
			);
			name = "Embed Watch Content";
			runOnlyForDeploymentPostprocessing = 0;
		};
		9BD2AC4E2C2FBDBF00A940B5 /* Embed Foundation Extensions */ = {
			isa = PBXCopyFilesBuildPhase;
			buildActionMask = 2147483647;
			dstPath = "";
			dstSubfolderSpec = 13;
			files = (
			);
			name = "Embed Foundation Extensions";
			runOnlyForDeploymentPostprocessing = 0;
		};
/* End PBXCopyFilesBuildPhase section */

/* Begin PBXFileReference section */
		9BD2AC082C2FBD7300A940B5 /* TToGiOk.app */ = {isa = PBXFileReference; explicitFileType = wrapper.application; includeInIndex = 0; path = TToGiOk.app; sourceTree = BUILT_PRODUCTS_DIR; };
		9BD2AC0B2C2FBD7300A940B5 /* TToGiOkApp.swift */ = {isa = PBXFileReference; lastKnownFileType = sourcecode.swift; path = TToGiOkApp.swift; sourceTree = "<group>"; };
		9BD2AC0F2C2FBD7400A940B5 /* Assets.xcassets */ = {isa = PBXFileReference; lastKnownFileType = folder.assetcatalog; path = Assets.xcassets; sourceTree = "<group>"; };
		9BD2AC122C2FBD7400A940B5 /* Preview Assets.xcassets */ = {isa = PBXFileReference; lastKnownFileType = folder.assetcatalog; path = "Preview Assets.xcassets"; sourceTree = "<group>"; };
		9BD2AC1B2C2FBDA300A940B5 /* TToGiokWatch.app */ = {isa = PBXFileReference; explicitFileType = wrapper.application; includeInIndex = 0; path = TToGiokWatch.app; sourceTree = BUILT_PRODUCTS_DIR; };
		9BD2AC202C2FBDA300A940B5 /* TToGiokWatch Watch App.app */ = {isa = PBXFileReference; explicitFileType = wrapper.application; includeInIndex = 0; path = "TToGiokWatch Watch App.app"; sourceTree = BUILT_PRODUCTS_DIR; };
		9BD2AC252C2FBDA300A940B5 /* TToGiokWatchApp.swift */ = {isa = PBXFileReference; lastKnownFileType = sourcecode.swift; path = TToGiokWatchApp.swift; sourceTree = "<group>"; };
		9BD2AC272C2FBDA300A940B5 /* ContentView.swift */ = {isa = PBXFileReference; lastKnownFileType = sourcecode.swift; path = ContentView.swift; sourceTree = "<group>"; };
		9BD2AC292C2FBDA400A940B5 /* Assets.xcassets */ = {isa = PBXFileReference; lastKnownFileType = folder.assetcatalog; path = Assets.xcassets; sourceTree = "<group>"; };
		9BD2AC2C2C2FBDA400A940B5 /* Preview Assets.xcassets */ = {isa = PBXFileReference; lastKnownFileType = folder.assetcatalog; path = "Preview Assets.xcassets"; sourceTree = "<group>"; };
		9BD2AC3B2C2FBDBE00A940B5 /* WidgetKit.framework */ = {isa = PBXFileReference; lastKnownFileType = wrapper.framework; name = WidgetKit.framework; path = /System/Library/Frameworks/WidgetKit.framework; sourceTree = "<absolute>"; };
		9BD2AC3D2C2FBDBE00A940B5 /* SwiftUI.framework */ = {isa = PBXFileReference; lastKnownFileType = wrapper.framework; name = SwiftUI.framework; path = /System/Library/Frameworks/SwiftUI.framework; sourceTree = "<absolute>"; };
		9BD2AC402C2FBDBE00A940B5 /* TToGiokWidgetBundle.swift */ = {isa = PBXFileReference; lastKnownFileType = sourcecode.swift; path = TToGiokWidgetBundle.swift; sourceTree = "<group>"; };
		9BD2AC422C2FBDBE00A940B5 /* TToGiokWidget.swift */ = {isa = PBXFileReference; lastKnownFileType = sourcecode.swift; path = TToGiokWidget.swift; sourceTree = "<group>"; };
		9BD2AC442C2FBDBF00A940B5 /* Assets.xcassets */ = {isa = PBXFileReference; lastKnownFileType = folder.assetcatalog; path = Assets.xcassets; sourceTree = "<group>"; };
		9BD2AC462C2FBDBF00A940B5 /* Info.plist */ = {isa = PBXFileReference; lastKnownFileType = text.plist.xml; path = Info.plist; sourceTree = "<group>"; };
		9BD2AC472C2FBDBF00A940B5 /* TToGiokWidget.entitlements */ = {isa = PBXFileReference; lastKnownFileType = text.plist.entitlements; path = TToGiokWidget.entitlements; sourceTree = "<group>"; };
		9BD2AC512C2FC71200A940B5 /* HomeView.swift */ = {isa = PBXFileReference; lastKnownFileType = sourcecode.swift; path = HomeView.swift; sourceTree = "<group>"; };
		BFAD336E2C2FDA2100202A78 /* ShakeView.swift */ = {isa = PBXFileReference; lastKnownFileType = sourcecode.swift; path = ShakeView.swift; sourceTree = "<group>"; };
		BFAD336F2C2FDA2100202A78 /* ShakeView+Extension.swift */ = {isa = PBXFileReference; lastKnownFileType = sourcecode.swift; path = "ShakeView+Extension.swift"; sourceTree = "<group>"; };
		BFAD33702C2FDA2100202A78 /* ShakeManager.swift */ = {isa = PBXFileReference; lastKnownFileType = sourcecode.swift; path = ShakeManager.swift; sourceTree = "<group>"; };
		BFAD33712C2FDA2100202A78 /* PowerBall.swift */ = {isa = PBXFileReference; lastKnownFileType = sourcecode.swift; path = PowerBall.swift; sourceTree = "<group>"; };
/* End PBXFileReference section */

/* Begin PBXFileSystemSynchronizedBuildFileExceptionSet section */
		9BD2AC582C2FD22F00A940B5 /* PBXFileSystemSynchronizedBuildFileExceptionSet */ = {
			isa = PBXFileSystemSynchronizedBuildFileExceptionSet;
			membershipExceptions = (
				BallColor.swift,
			);
			target = 9BD2AC072C2FBD7300A940B5 /* TToGiOk */;
		};
		9BD2AC5A2C2FD23700A940B5 /* PBXFileSystemSynchronizedBuildFileExceptionSet */ = {
			isa = PBXFileSystemSynchronizedBuildFileExceptionSet;
			membershipExceptions = (
				NumberGenerator.swift,
			);
			target = 9BD2AC072C2FBD7300A940B5 /* TToGiOk */;
		};
/* End PBXFileSystemSynchronizedBuildFileExceptionSet section */

/* Begin PBXFileSystemSynchronizedRootGroup section */
		9BD2AC572C2FD22F00A940B5 /* Model */ = {isa = PBXFileSystemSynchronizedRootGroup; exceptions = (9BD2AC582C2FD22F00A940B5 /* PBXFileSystemSynchronizedBuildFileExceptionSet */, ); explicitFileTypes = {}; explicitFolders = (); path = Model; sourceTree = "<group>"; };
		9BD2AC592C2FD23700A940B5 /* Core */ = {isa = PBXFileSystemSynchronizedRootGroup; exceptions = (9BD2AC5A2C2FD23700A940B5 /* PBXFileSystemSynchronizedBuildFileExceptionSet */, ); explicitFileTypes = {}; explicitFolders = (); path = Core; sourceTree = "<group>"; };
		B009E5F32C30067A00A5936F /* Intents */ = {isa = PBXFileSystemSynchronizedRootGroup; explicitFileTypes = {}; explicitFolders = (); path = Intents; sourceTree = "<group>"; };
/* End PBXFileSystemSynchronizedRootGroup section */

/* Begin PBXFrameworksBuildPhase section */
		9BD2AC052C2FBD7300A940B5 /* Frameworks */ = {
			isa = PBXFrameworksBuildPhase;
			buildActionMask = 2147483647;
			files = (
			);
			runOnlyForDeploymentPostprocessing = 0;
		};
		9BD2AC1D2C2FBDA300A940B5 /* Frameworks */ = {
			isa = PBXFrameworksBuildPhase;
			buildActionMask = 2147483647;
			files = (
			);
			runOnlyForDeploymentPostprocessing = 0;
		};
/* End PBXFrameworksBuildPhase section */

/* Begin PBXGroup section */
		9BD2ABFF2C2FBD7300A940B5 = {
			isa = PBXGroup;
			children = (
				9BD2AC0A2C2FBD7300A940B5 /* TToGiOk */,
				9BD2AC242C2FBDA300A940B5 /* TToGiokWatch Watch App */,
				9BD2AC3F2C2FBDBE00A940B5 /* TToGiokWidget */,
				9BD2AC3A2C2FBDBE00A940B5 /* Frameworks */,
				9BD2AC092C2FBD7300A940B5 /* Products */,
			);
			sourceTree = "<group>";
		};
		9BD2AC092C2FBD7300A940B5 /* Products */ = {
			isa = PBXGroup;
			children = (
				9BD2AC082C2FBD7300A940B5 /* TToGiOk.app */,
				9BD2AC1B2C2FBDA300A940B5 /* TToGiokWatch.app */,
				9BD2AC202C2FBDA300A940B5 /* TToGiokWatch Watch App.app */,
			);
			name = Products;
			sourceTree = "<group>";
		};
		9BD2AC0A2C2FBD7300A940B5 /* TToGiOk */ = {
			isa = PBXGroup;
			children = (
				B009E5F32C30067A00A5936F /* Intents */,
				9BD2AC0B2C2FBD7300A940B5 /* TToGiOkApp.swift */,
				9BD2AC512C2FC71200A940B5 /* HomeView.swift */,
				9BD2AC592C2FD23700A940B5 /* Core */,
				9BD2AC572C2FD22F00A940B5 /* Model */,
				BFAD336E2C2FDA2100202A78 /* ShakeView.swift */,
				BFAD336F2C2FDA2100202A78 /* ShakeView+Extension.swift */,
				BFAD33702C2FDA2100202A78 /* ShakeManager.swift */,
				BFAD33712C2FDA2100202A78 /* PowerBall.swift */,
				9BD2AC0F2C2FBD7400A940B5 /* Assets.xcassets */,
				9BD2AC112C2FBD7400A940B5 /* Preview Content */,
			);
			path = TToGiOk;
			sourceTree = "<group>";
		};
		9BD2AC112C2FBD7400A940B5 /* Preview Content */ = {
			isa = PBXGroup;
			children = (
				9BD2AC122C2FBD7400A940B5 /* Preview Assets.xcassets */,
			);
			path = "Preview Content";
			sourceTree = "<group>";
		};
		9BD2AC242C2FBDA300A940B5 /* TToGiokWatch Watch App */ = {
			isa = PBXGroup;
			children = (
				9BD2AC252C2FBDA300A940B5 /* TToGiokWatchApp.swift */,
				9BD2AC272C2FBDA300A940B5 /* ContentView.swift */,
				9BD2AC292C2FBDA400A940B5 /* Assets.xcassets */,
				9BD2AC2B2C2FBDA400A940B5 /* Preview Content */,
			);
			path = "TToGiokWatch Watch App";
			sourceTree = "<group>";
		};
		9BD2AC2B2C2FBDA400A940B5 /* Preview Content */ = {
			isa = PBXGroup;
			children = (
				9BD2AC2C2C2FBDA400A940B5 /* Preview Assets.xcassets */,
			);
			path = "Preview Content";
			sourceTree = "<group>";
		};
		9BD2AC3A2C2FBDBE00A940B5 /* Frameworks */ = {
			isa = PBXGroup;
			children = (
				9BD2AC3B2C2FBDBE00A940B5 /* WidgetKit.framework */,
				9BD2AC3D2C2FBDBE00A940B5 /* SwiftUI.framework */,
			);
			name = Frameworks;
			sourceTree = "<group>";
		};
		9BD2AC3F2C2FBDBE00A940B5 /* TToGiokWidget */ = {
			isa = PBXGroup;
			children = (
				9BD2AC402C2FBDBE00A940B5 /* TToGiokWidgetBundle.swift */,
				9BD2AC422C2FBDBE00A940B5 /* TToGiokWidget.swift */,
				9BD2AC442C2FBDBF00A940B5 /* Assets.xcassets */,
				9BD2AC462C2FBDBF00A940B5 /* Info.plist */,
				9BD2AC472C2FBDBF00A940B5 /* TToGiokWidget.entitlements */,
			);
			path = TToGiokWidget;
			sourceTree = "<group>";
		};
/* End PBXGroup section */

/* Begin PBXNativeTarget section */
		9BD2AC072C2FBD7300A940B5 /* TToGiOk */ = {
			isa = PBXNativeTarget;
			buildConfigurationList = 9BD2AC162C2FBD7400A940B5 /* Build configuration list for PBXNativeTarget "TToGiOk" */;
			buildPhases = (
				9BD2AC042C2FBD7300A940B5 /* Sources */,
				9BD2AC052C2FBD7300A940B5 /* Frameworks */,
				9BD2AC062C2FBD7300A940B5 /* Resources */,
				9BD2AC4E2C2FBDBF00A940B5 /* Embed Foundation Extensions */,
			);
			buildRules = (
			);
			dependencies = (
			);
			fileSystemSynchronizedGroups = (
				B009E5F32C30067A00A5936F /* Intents */,
			);
			name = TToGiOk;
			productName = TToGiOk;
			productReference = 9BD2AC082C2FBD7300A940B5 /* TToGiOk.app */;
			productType = "com.apple.product-type.application";
		};
		9BD2AC1A2C2FBDA300A940B5 /* TToGiokWatch */ = {
			isa = PBXNativeTarget;
			buildConfigurationList = 9BD2AC322C2FBDA400A940B5 /* Build configuration list for PBXNativeTarget "TToGiokWatch" */;
			buildPhases = (
				9BD2AC192C2FBDA300A940B5 /* Resources */,
				9BD2AC312C2FBDA400A940B5 /* Embed Watch Content */,
			);
			buildRules = (
			);
			dependencies = (
				9BD2AC232C2FBDA300A940B5 /* PBXTargetDependency */,
			);
			name = TToGiokWatch;
			productName = TToGiokWatch;
			productReference = 9BD2AC1B2C2FBDA300A940B5 /* TToGiokWatch.app */;
			productType = "com.apple.product-type.application.watchapp2-container";
		};
		9BD2AC1F2C2FBDA300A940B5 /* TToGiokWatch Watch App */ = {
			isa = PBXNativeTarget;
			buildConfigurationList = 9BD2AC2E2C2FBDA400A940B5 /* Build configuration list for PBXNativeTarget "TToGiokWatch Watch App" */;
			buildPhases = (
				9BD2AC1C2C2FBDA300A940B5 /* Sources */,
				9BD2AC1D2C2FBDA300A940B5 /* Frameworks */,
				9BD2AC1E2C2FBDA300A940B5 /* Resources */,
			);
			buildRules = (
			);
			dependencies = (
			);
			name = "TToGiokWatch Watch App";
			productName = "TToGiokWatch Watch App";
			productReference = 9BD2AC202C2FBDA300A940B5 /* TToGiokWatch Watch App.app */;
			productType = "com.apple.product-type.application";
		};
/* End PBXNativeTarget section */

/* Begin PBXProject section */
		9BD2AC002C2FBD7300A940B5 /* Project object */ = {
			isa = PBXProject;
			attributes = {
				BuildIndependentTargetsInParallel = 1;
				LastSwiftUpdateCheck = 1600;
				LastUpgradeCheck = 1600;
				TargetAttributes = {
					9BD2AC072C2FBD7300A940B5 = {
						CreatedOnToolsVersion = 16.0;
					};
					9BD2AC1A2C2FBDA300A940B5 = {
						CreatedOnToolsVersion = 16.0;
					};
					9BD2AC1F2C2FBDA300A940B5 = {
						CreatedOnToolsVersion = 16.0;
					};
				};
			};
			buildConfigurationList = 9BD2AC032C2FBD7300A940B5 /* Build configuration list for PBXProject "TToGiOk" */;
			compatibilityVersion = "Xcode 15.0";
			developmentRegion = en;
			hasScannedForEncodings = 0;
			knownRegions = (
				en,
				Base,
			);
			mainGroup = 9BD2ABFF2C2FBD7300A940B5;
			productRefGroup = 9BD2AC092C2FBD7300A940B5 /* Products */;
			projectDirPath = "";
			projectRoot = "";
			targets = (
				9BD2AC072C2FBD7300A940B5 /* TToGiOk */,
				9BD2AC1A2C2FBDA300A940B5 /* TToGiokWatch */,
				9BD2AC1F2C2FBDA300A940B5 /* TToGiokWatch Watch App */,
			);
		};
/* End PBXProject section */

/* Begin PBXResourcesBuildPhase section */
		9BD2AC062C2FBD7300A940B5 /* Resources */ = {
			isa = PBXResourcesBuildPhase;
			buildActionMask = 2147483647;
			files = (
				9BD2AC132C2FBD7400A940B5 /* Preview Assets.xcassets in Resources */,
				9BD2AC102C2FBD7400A940B5 /* Assets.xcassets in Resources */,
			);
			runOnlyForDeploymentPostprocessing = 0;
		};
		9BD2AC192C2FBDA300A940B5 /* Resources */ = {
			isa = PBXResourcesBuildPhase;
			buildActionMask = 2147483647;
			files = (
			);
			runOnlyForDeploymentPostprocessing = 0;
		};
		9BD2AC1E2C2FBDA300A940B5 /* Resources */ = {
			isa = PBXResourcesBuildPhase;
			buildActionMask = 2147483647;
			files = (
				9BD2AC2D2C2FBDA400A940B5 /* Preview Assets.xcassets in Resources */,
				9BD2AC2A2C2FBDA400A940B5 /* Assets.xcassets in Resources */,
			);
			runOnlyForDeploymentPostprocessing = 0;
		};
/* End PBXResourcesBuildPhase section */

/* Begin PBXSourcesBuildPhase section */
		9BD2AC042C2FBD7300A940B5 /* Sources */ = {
			isa = PBXSourcesBuildPhase;
			buildActionMask = 2147483647;
			files = (
				BFAD33722C2FDA2100202A78 /* ShakeView.swift in Sources */,
				BFAD33732C2FDA2100202A78 /* ShakeView+Extension.swift in Sources */,
				BFAD33742C2FDA2100202A78 /* PowerBall.swift in Sources */,
				BFAD33762C2FDA2100202A78 /* ShakeManager.swift in Sources */,
				9BD2AC0C2C2FBD7300A940B5 /* TToGiOkApp.swift in Sources */,
				9BD2AC522C2FC71200A940B5 /* HomeView.swift in Sources */,
			);
			runOnlyForDeploymentPostprocessing = 0;
		};
		9BD2AC1C2C2FBDA300A940B5 /* Sources */ = {
			isa = PBXSourcesBuildPhase;
			buildActionMask = 2147483647;
			files = (
				9BD2AC282C2FBDA300A940B5 /* ContentView.swift in Sources */,
				9BD2AC262C2FBDA300A940B5 /* TToGiokWatchApp.swift in Sources */,
			);
			runOnlyForDeploymentPostprocessing = 0;
		};
/* End PBXSourcesBuildPhase section */

/* Begin PBXTargetDependency section */
		9BD2AC232C2FBDA300A940B5 /* PBXTargetDependency */ = {
			isa = PBXTargetDependency;
			target = 9BD2AC1F2C2FBDA300A940B5 /* TToGiokWatch Watch App */;
			targetProxy = 9BD2AC222C2FBDA300A940B5 /* PBXContainerItemProxy */;
		};
/* End PBXTargetDependency section */

/* Begin XCBuildConfiguration section */
		9BD2AC142C2FBD7400A940B5 /* Debug */ = {
			isa = XCBuildConfiguration;
			buildSettings = {
				ALWAYS_SEARCH_USER_PATHS = NO;
				ASSETCATALOG_COMPILER_GENERATE_SWIFT_ASSET_SYMBOL_EXTENSIONS = YES;
				CLANG_ANALYZER_NONNULL = YES;
				CLANG_ANALYZER_NUMBER_OBJECT_CONVERSION = YES_AGGRESSIVE;
				CLANG_CXX_LANGUAGE_STANDARD = "gnu++20";
				CLANG_ENABLE_MODULES = YES;
				CLANG_ENABLE_OBJC_ARC = YES;
				CLANG_ENABLE_OBJC_WEAK = YES;
				CLANG_WARN_BLOCK_CAPTURE_AUTORELEASING = YES;
				CLANG_WARN_BOOL_CONVERSION = YES;
				CLANG_WARN_COMMA = YES;
				CLANG_WARN_CONSTANT_CONVERSION = YES;
				CLANG_WARN_DEPRECATED_OBJC_IMPLEMENTATIONS = YES;
				CLANG_WARN_DIRECT_OBJC_ISA_USAGE = YES_ERROR;
				CLANG_WARN_DOCUMENTATION_COMMENTS = YES;
				CLANG_WARN_EMPTY_BODY = YES;
				CLANG_WARN_ENUM_CONVERSION = YES;
				CLANG_WARN_INFINITE_RECURSION = YES;
				CLANG_WARN_INT_CONVERSION = YES;
				CLANG_WARN_NON_LITERAL_NULL_CONVERSION = YES;
				CLANG_WARN_OBJC_IMPLICIT_RETAIN_SELF = YES;
				CLANG_WARN_OBJC_LITERAL_CONVERSION = YES;
				CLANG_WARN_OBJC_ROOT_CLASS = YES_ERROR;
				CLANG_WARN_QUOTED_INCLUDE_IN_FRAMEWORK_HEADER = YES;
				CLANG_WARN_RANGE_LOOP_ANALYSIS = YES;
				CLANG_WARN_STRICT_PROTOTYPES = YES;
				CLANG_WARN_SUSPICIOUS_MOVE = YES;
				CLANG_WARN_UNGUARDED_AVAILABILITY = YES_AGGRESSIVE;
				CLANG_WARN_UNREACHABLE_CODE = YES;
				CLANG_WARN__DUPLICATE_METHOD_MATCH = YES;
				COPY_PHASE_STRIP = NO;
				DEBUG_INFORMATION_FORMAT = dwarf;
				ENABLE_STRICT_OBJC_MSGSEND = YES;
				ENABLE_TESTABILITY = YES;
				ENABLE_USER_SCRIPT_SANDBOXING = YES;
				GCC_C_LANGUAGE_STANDARD = gnu17;
				GCC_DYNAMIC_NO_PIC = NO;
				GCC_NO_COMMON_BLOCKS = YES;
				GCC_OPTIMIZATION_LEVEL = 0;
				GCC_PREPROCESSOR_DEFINITIONS = (
					"DEBUG=1",
					"$(inherited)",
				);
				GCC_WARN_64_TO_32_BIT_CONVERSION = YES;
				GCC_WARN_ABOUT_RETURN_TYPE = YES_ERROR;
				GCC_WARN_UNDECLARED_SELECTOR = YES;
				GCC_WARN_UNINITIALIZED_AUTOS = YES_AGGRESSIVE;
				GCC_WARN_UNUSED_FUNCTION = YES;
				GCC_WARN_UNUSED_VARIABLE = YES;
				IPHONEOS_DEPLOYMENT_TARGET = 18.0;
				LOCALIZATION_PREFERS_STRING_CATALOGS = YES;
				MTL_ENABLE_DEBUG_INFO = INCLUDE_SOURCE;
				MTL_FAST_MATH = YES;
				ONLY_ACTIVE_ARCH = YES;
				SDKROOT = iphoneos;
				SWIFT_ACTIVE_COMPILATION_CONDITIONS = "DEBUG $(inherited)";
				SWIFT_OPTIMIZATION_LEVEL = "-Onone";
			};
			name = Debug;
		};
		9BD2AC152C2FBD7400A940B5 /* Release */ = {
			isa = XCBuildConfiguration;
			buildSettings = {
				ALWAYS_SEARCH_USER_PATHS = NO;
				ASSETCATALOG_COMPILER_GENERATE_SWIFT_ASSET_SYMBOL_EXTENSIONS = YES;
				CLANG_ANALYZER_NONNULL = YES;
				CLANG_ANALYZER_NUMBER_OBJECT_CONVERSION = YES_AGGRESSIVE;
				CLANG_CXX_LANGUAGE_STANDARD = "gnu++20";
				CLANG_ENABLE_MODULES = YES;
				CLANG_ENABLE_OBJC_ARC = YES;
				CLANG_ENABLE_OBJC_WEAK = YES;
				CLANG_WARN_BLOCK_CAPTURE_AUTORELEASING = YES;
				CLANG_WARN_BOOL_CONVERSION = YES;
				CLANG_WARN_COMMA = YES;
				CLANG_WARN_CONSTANT_CONVERSION = YES;
				CLANG_WARN_DEPRECATED_OBJC_IMPLEMENTATIONS = YES;
				CLANG_WARN_DIRECT_OBJC_ISA_USAGE = YES_ERROR;
				CLANG_WARN_DOCUMENTATION_COMMENTS = YES;
				CLANG_WARN_EMPTY_BODY = YES;
				CLANG_WARN_ENUM_CONVERSION = YES;
				CLANG_WARN_INFINITE_RECURSION = YES;
				CLANG_WARN_INT_CONVERSION = YES;
				CLANG_WARN_NON_LITERAL_NULL_CONVERSION = YES;
				CLANG_WARN_OBJC_IMPLICIT_RETAIN_SELF = YES;
				CLANG_WARN_OBJC_LITERAL_CONVERSION = YES;
				CLANG_WARN_OBJC_ROOT_CLASS = YES_ERROR;
				CLANG_WARN_QUOTED_INCLUDE_IN_FRAMEWORK_HEADER = YES;
				CLANG_WARN_RANGE_LOOP_ANALYSIS = YES;
				CLANG_WARN_STRICT_PROTOTYPES = YES;
				CLANG_WARN_SUSPICIOUS_MOVE = YES;
				CLANG_WARN_UNGUARDED_AVAILABILITY = YES_AGGRESSIVE;
				CLANG_WARN_UNREACHABLE_CODE = YES;
				CLANG_WARN__DUPLICATE_METHOD_MATCH = YES;
				COPY_PHASE_STRIP = NO;
				DEBUG_INFORMATION_FORMAT = "dwarf-with-dsym";
				ENABLE_NS_ASSERTIONS = NO;
				ENABLE_STRICT_OBJC_MSGSEND = YES;
				ENABLE_USER_SCRIPT_SANDBOXING = YES;
				GCC_C_LANGUAGE_STANDARD = gnu17;
				GCC_NO_COMMON_BLOCKS = YES;
				GCC_WARN_64_TO_32_BIT_CONVERSION = YES;
				GCC_WARN_ABOUT_RETURN_TYPE = YES_ERROR;
				GCC_WARN_UNDECLARED_SELECTOR = YES;
				GCC_WARN_UNINITIALIZED_AUTOS = YES_AGGRESSIVE;
				GCC_WARN_UNUSED_FUNCTION = YES;
				GCC_WARN_UNUSED_VARIABLE = YES;
				IPHONEOS_DEPLOYMENT_TARGET = 18.0;
				LOCALIZATION_PREFERS_STRING_CATALOGS = YES;
				MTL_ENABLE_DEBUG_INFO = NO;
				MTL_FAST_MATH = YES;
				SDKROOT = iphoneos;
				SWIFT_COMPILATION_MODE = wholemodule;
				VALIDATE_PRODUCT = YES;
			};
			name = Release;
		};
		9BD2AC172C2FBD7400A940B5 /* Debug */ = {
			isa = XCBuildConfiguration;
			buildSettings = {
				ASSETCATALOG_COMPILER_APPICON_NAME = AppIcon;
				ASSETCATALOG_COMPILER_GLOBAL_ACCENT_COLOR_NAME = AccentColor;
				CODE_SIGN_STYLE = Automatic;
				CURRENT_PROJECT_VERSION = 1;
				DEVELOPMENT_ASSET_PATHS = "\"TToGiOk/Preview Content\"";
				DEVELOPMENT_TEAM = LFZR92V6WF;
				ENABLE_PREVIEWS = YES;
				GENERATE_INFOPLIST_FILE = YES;
				INFOPLIST_KEY_UIApplicationSceneManifest_Generation = YES;
				INFOPLIST_KEY_UIApplicationSupportsIndirectInputEvents = YES;
				INFOPLIST_KEY_UILaunchScreen_Generation = YES;
				INFOPLIST_KEY_UISupportedInterfaceOrientations_iPad = "UIInterfaceOrientationPortrait UIInterfaceOrientationPortraitUpsideDown UIInterfaceOrientationLandscapeLeft UIInterfaceOrientationLandscapeRight";
				INFOPLIST_KEY_UISupportedInterfaceOrientations_iPhone = "UIInterfaceOrientationPortrait UIInterfaceOrientationLandscapeLeft UIInterfaceOrientationLandscapeRight";
				LD_RUNPATH_SEARCH_PATHS = (
					"$(inherited)",
					"@executable_path/Frameworks",
				);
				MARKETING_VERSION = 1.0;
				PRODUCT_BUNDLE_IDENTIFIER = com.letusgo.teamnine.demo.ios.TeamNineDemo;
				PRODUCT_NAME = "$(TARGET_NAME)";
				SWIFT_EMIT_LOC_STRINGS = YES;
				SWIFT_VERSION = 5.0;
				TARGETED_DEVICE_FAMILY = "1,2";
			};
			name = Debug;
		};
		9BD2AC182C2FBD7400A940B5 /* Release */ = {
			isa = XCBuildConfiguration;
			buildSettings = {
				ASSETCATALOG_COMPILER_APPICON_NAME = AppIcon;
				ASSETCATALOG_COMPILER_GLOBAL_ACCENT_COLOR_NAME = AccentColor;
				CODE_SIGN_STYLE = Automatic;
				CURRENT_PROJECT_VERSION = 1;
				DEVELOPMENT_ASSET_PATHS = "\"TToGiOk/Preview Content\"";
				DEVELOPMENT_TEAM = LFZR92V6WF;
				ENABLE_PREVIEWS = YES;
				GENERATE_INFOPLIST_FILE = YES;
				INFOPLIST_KEY_UIApplicationSceneManifest_Generation = YES;
				INFOPLIST_KEY_UIApplicationSupportsIndirectInputEvents = YES;
				INFOPLIST_KEY_UILaunchScreen_Generation = YES;
				INFOPLIST_KEY_UISupportedInterfaceOrientations_iPad = "UIInterfaceOrientationPortrait UIInterfaceOrientationPortraitUpsideDown UIInterfaceOrientationLandscapeLeft UIInterfaceOrientationLandscapeRight";
				INFOPLIST_KEY_UISupportedInterfaceOrientations_iPhone = "UIInterfaceOrientationPortrait UIInterfaceOrientationLandscapeLeft UIInterfaceOrientationLandscapeRight";
				LD_RUNPATH_SEARCH_PATHS = (
					"$(inherited)",
					"@executable_path/Frameworks",
				);
				MARKETING_VERSION = 1.0;
				PRODUCT_BUNDLE_IDENTIFIER = com.letusgo.teamnine.demo.ios.TeamNineDemo;
				PRODUCT_NAME = "$(TARGET_NAME)";
				SWIFT_EMIT_LOC_STRINGS = YES;
				SWIFT_VERSION = 5.0;
				TARGETED_DEVICE_FAMILY = "1,2";
			};
			name = Release;
		};
		9BD2AC2F2C2FBDA400A940B5 /* Debug */ = {
			isa = XCBuildConfiguration;
			buildSettings = {
				ASSETCATALOG_COMPILER_APPICON_NAME = AppIcon;
				ASSETCATALOG_COMPILER_GLOBAL_ACCENT_COLOR_NAME = AccentColor;
				CODE_SIGN_STYLE = Automatic;
				CURRENT_PROJECT_VERSION = 1;
				DEVELOPMENT_ASSET_PATHS = "\"TToGiokWatch Watch App/Preview Content\"";
				DEVELOPMENT_TEAM = LFZR92V6WF;
				ENABLE_PREVIEWS = YES;
				GENERATE_INFOPLIST_FILE = YES;
				INFOPLIST_KEY_CFBundleDisplayName = TToGiokWatch;
				INFOPLIST_KEY_UISupportedInterfaceOrientations = "UIInterfaceOrientationPortrait UIInterfaceOrientationPortraitUpsideDown";
				INFOPLIST_KEY_WKWatchOnly = YES;
				LD_RUNPATH_SEARCH_PATHS = (
					"$(inherited)",
					"@executable_path/Frameworks",
				);
				MARKETING_VERSION = 1.0;
				PRODUCT_BUNDLE_IDENTIFIER = com.letusgo.teamnine.demo.ios.TeamNineDemo;
				PRODUCT_NAME = "$(TARGET_NAME)";
				SDKROOT = watchos;
				SKIP_INSTALL = YES;
				SWIFT_EMIT_LOC_STRINGS = YES;
				SWIFT_VERSION = 5.0;
				TARGETED_DEVICE_FAMILY = 4;
				WATCHOS_DEPLOYMENT_TARGET = 11.0;
			};
			name = Debug;
		};
		9BD2AC302C2FBDA400A940B5 /* Release */ = {
			isa = XCBuildConfiguration;
			buildSettings = {
				ASSETCATALOG_COMPILER_APPICON_NAME = AppIcon;
				ASSETCATALOG_COMPILER_GLOBAL_ACCENT_COLOR_NAME = AccentColor;
				CODE_SIGN_STYLE = Automatic;
				CURRENT_PROJECT_VERSION = 1;
				DEVELOPMENT_ASSET_PATHS = "\"TToGiokWatch Watch App/Preview Content\"";
				DEVELOPMENT_TEAM = LFZR92V6WF;
				ENABLE_PREVIEWS = YES;
				GENERATE_INFOPLIST_FILE = YES;
				INFOPLIST_KEY_CFBundleDisplayName = TToGiokWatch;
				INFOPLIST_KEY_UISupportedInterfaceOrientations = "UIInterfaceOrientationPortrait UIInterfaceOrientationPortraitUpsideDown";
				INFOPLIST_KEY_WKWatchOnly = YES;
				LD_RUNPATH_SEARCH_PATHS = (
					"$(inherited)",
					"@executable_path/Frameworks",
				);
				MARKETING_VERSION = 1.0;
				PRODUCT_BUNDLE_IDENTIFIER = com.letusgo.teamnine.demo.ios.TeamNineDemo;
				PRODUCT_NAME = "$(TARGET_NAME)";
				SDKROOT = watchos;
				SKIP_INSTALL = YES;
				SWIFT_EMIT_LOC_STRINGS = YES;
				SWIFT_VERSION = 5.0;
				TARGETED_DEVICE_FAMILY = 4;
				WATCHOS_DEPLOYMENT_TARGET = 11.0;
			};
			name = Release;
		};
		9BD2AC332C2FBDA400A940B5 /* Debug */ = {
			isa = XCBuildConfiguration;
			buildSettings = {
				CODE_SIGN_STYLE = Automatic;
				CURRENT_PROJECT_VERSION = 1;
				DEVELOPMENT_TEAM = LFZR92V6WF;
				INFOPLIST_KEY_CFBundleDisplayName = TToGiokWatch;
				MARKETING_VERSION = 1.0;
				PRODUCT_BUNDLE_IDENTIFIER = com.letusgo.teamnine.demo.ios.TeamNineDemo;
				PRODUCT_NAME = "$(TARGET_NAME)";
				SWIFT_VERSION = 5.0;
			};
			name = Debug;
		};
		9BD2AC342C2FBDA400A940B5 /* Release */ = {
			isa = XCBuildConfiguration;
			buildSettings = {
				CODE_SIGN_STYLE = Automatic;
				CURRENT_PROJECT_VERSION = 1;
				DEVELOPMENT_TEAM = LFZR92V6WF;
				INFOPLIST_KEY_CFBundleDisplayName = TToGiokWatch;
				MARKETING_VERSION = 1.0;
				PRODUCT_BUNDLE_IDENTIFIER = com.letusgo.teamnine.demo.ios.TeamNineDemo;
				PRODUCT_NAME = "$(TARGET_NAME)";
				SWIFT_VERSION = 5.0;
			};
			name = Release;
		};
/* End XCBuildConfiguration section */

/* Begin XCConfigurationList section */
		9BD2AC032C2FBD7300A940B5 /* Build configuration list for PBXProject "TToGiOk" */ = {
			isa = XCConfigurationList;
			buildConfigurations = (
				9BD2AC142C2FBD7400A940B5 /* Debug */,
				9BD2AC152C2FBD7400A940B5 /* Release */,
			);
			defaultConfigurationIsVisible = 0;
			defaultConfigurationName = Release;
		};
		9BD2AC162C2FBD7400A940B5 /* Build configuration list for PBXNativeTarget "TToGiOk" */ = {
			isa = XCConfigurationList;
			buildConfigurations = (
				9BD2AC172C2FBD7400A940B5 /* Debug */,
				9BD2AC182C2FBD7400A940B5 /* Release */,
			);
			defaultConfigurationIsVisible = 0;
			defaultConfigurationName = Release;
		};
		9BD2AC2E2C2FBDA400A940B5 /* Build configuration list for PBXNativeTarget "TToGiokWatch Watch App" */ = {
			isa = XCConfigurationList;
			buildConfigurations = (
				9BD2AC2F2C2FBDA400A940B5 /* Debug */,
				9BD2AC302C2FBDA400A940B5 /* Release */,
			);
			defaultConfigurationIsVisible = 0;
			defaultConfigurationName = Release;
		};
		9BD2AC322C2FBDA400A940B5 /* Build configuration list for PBXNativeTarget "TToGiokWatch" */ = {
			isa = XCConfigurationList;
			buildConfigurations = (
				9BD2AC332C2FBDA400A940B5 /* Debug */,
				9BD2AC342C2FBDA400A940B5 /* Release */,
			);
			defaultConfigurationIsVisible = 0;
			defaultConfigurationName = Release;
		};
/* End XCConfigurationList section */
	};
	rootObject = 9BD2AC002C2FBD7300A940B5 /* Project object */;
}
